# THIS IS AN AUTOGENERATED FILE. DO NOT EDIT THIS FILE DIRECTLY.
# yarn lockfile v1


ansi-styles@^3.1.0:
  version "3.1.0"
  resolved "https://registry.yarnpkg.com/ansi-styles/-/ansi-styles-3.1.0.tgz#09c202d5c917ec23188caa5c9cb9179cd9547750"
  dependencies:
    color-convert "^1.0.0"

chalk@^2.0.1:
  version "2.0.1"
  resolved "https://registry.yarnpkg.com/chalk/-/chalk-2.0.1.tgz#dbec49436d2ae15f536114e76d14656cdbc0f44d"
  dependencies:
    ansi-styles "^3.1.0"
    escape-string-regexp "^1.0.5"
    supports-color "^4.0.0"

color-convert@^1.0.0:
  version "1.9.0"
  resolved "https://registry.yarnpkg.com/color-convert/-/color-convert-1.9.0.tgz#1accf97dd739b983bf994d56fec8f95853641b7a"
  dependencies:
    color-name "^1.1.1"

color-name@^1.1.1:
  version "1.1.2"
  resolved "https://registry.yarnpkg.com/color-name/-/color-name-1.1.2.tgz#5c8ab72b64bd2215d617ae9559ebb148475cf98d"

commander@^2.10.0:
  version "2.10.0"
  resolved "http://npm.chotot.org/commander/-/commander-2.10.0.tgz#e1f5d3245de246d1a5ca04702fa1ad1bd7e405fe"
  dependencies:
    graceful-readlink ">= 1.0.0"

escape-string-regexp@^1.0.5:
  version "1.0.5"
  resolved "https://registry.yarnpkg.com/escape-string-regexp/-/escape-string-regexp-1.0.5.tgz#1b61c0562190a8dff6ae3bb2cf0200ca130b86d4"

fs-extra@^4.0.0:
  version "4.0.0"
  resolved "https://registry.yarnpkg.com/fs-extra/-/fs-extra-4.0.0.tgz#414fb4ca2d2170ba0014159d3a8aec3303418d9e"
  dependencies:
    graceful-fs "^4.1.2"
    jsonfile "^3.0.0"
    universalify "^0.1.0"

graceful-fs@^4.1.2, graceful-fs@^4.1.6:
  version "4.1.11"
  resolved "https://registry.yarnpkg.com/graceful-fs/-/graceful-fs-4.1.11.tgz#0e8bdfe4d1ddb8854d64e04ea7c00e2a026e5658"

"graceful-readlink@>= 1.0.0":
  version "1.0.1"
  resolved "http://npm.chotot.org/graceful-readlink/-/graceful-readlink-1.0.1.tgz#4cafad76bc62f02fa039b2f94e9a3dd3a391a725"

has-flag@^2.0.0:
  version "2.0.0"
  resolved "https://registry.yarnpkg.com/has-flag/-/has-flag-2.0.0.tgz#e8207af1cc7b30d446cc70b734b5e8be18f88d51"

jsonfile@^3.0.0:
  version "3.0.1"
  resolved "https://registry.yarnpkg.com/jsonfile/-/jsonfile-3.0.1.tgz#a5ecc6f65f53f662c4415c7675a0331d0992ec66"
  optionalDependencies:
    graceful-fs "^4.1.6"

semver@^5.3.0:
  version "5.3.0"
  resolved "https://registry.yarnpkg.com/semver/-/semver-5.3.0.tgz#9b2ce5d3de02d17c6012ad326aa6b4d0cf54f94f"

supports-color@^4.0.0:
  version "4.2.0"
  resolved "https://registry.yarnpkg.com/supports-color/-/supports-color-4.2.0.tgz#ad986dc7eb2315d009b4d77c8169c2231a684037"
  dependencies:
    has-flag "^2.0.0"

universalify@^0.1.0:
  version "0.1.1"
  resolved "https://registry.yarnpkg.com/universalify/-/universalify-0.1.1.tgz#fa71badd4437af4c148841e3b3b165f9e9e590b7"
